// !$*UTF8*$!
{
	archiveVersion = 1;
	classes = {
	};
	objectVersion = 46;
	objects = {

/* Begin PBXBuildFile section */
		C655B6351BF1867D002E8336 /* JMRealTimeDataVC.swift in Sources */ = {isa = PBXBuildFile; fileRef = C655B6341BF1867D002E8336 /* JMRealTimeDataVC.swift */; };
		C655B63A1BF1AADE002E8336 /* EyeView.swift in Sources */ = {isa = PBXBuildFile; fileRef = C655B6391BF1AADE002E8336 /* EyeView.swift */; };
		C655B6401BF1ABBF002E8336 /* GraphView.swift in Sources */ = {isa = PBXBuildFile; fileRef = C655B63F1BF1ABBF002E8336 /* GraphView.swift */; };
		C655B6421BF1ABF7002E8336 /* EyeMovement.swift in Sources */ = {isa = PBXBuildFile; fileRef = C655B6411BF1ABF7002E8336 /* EyeMovement.swift */; };
		C669077F1BF49395004E7812 /* SIFlatButton.swift in Sources */ = {isa = PBXBuildFile; fileRef = C669077E1BF49395004E7812 /* SIFlatButton.swift */; };
		C66907811BF49523004E7812 /* JMRecordingVC.swift in Sources */ = {isa = PBXBuildFile; fileRef = C66907801BF49523004E7812 /* JMRecordingVC.swift */; };
		C66907831BF4953E004E7812 /* FileWriter.swift in Sources */ = {isa = PBXBuildFile; fileRef = C66907821BF4953E004E7812 /* FileWriter.swift */; };
		C66907851BF49580004E7812 /* SVProgressHUD.framework in Frameworks */ = {isa = PBXBuildFile; fileRef = C66907841BF49580004E7812 /* SVProgressHUD.framework */; };
		C673E2271C3F92670086D0A0 /* MEMELib.framework in Frameworks */ = {isa = PBXBuildFile; fileRef = C673E2261C3F92670086D0A0 /* MEMELib.framework */; };
		C673E2281C3F92670086D0A0 /* MEMELib.framework in Embed Frameworks */ = {isa = PBXBuildFile; fileRef = C673E2261C3F92670086D0A0 /* MEMELib.framework */; settings = {ATTRIBUTES = (CodeSignOnCopy, RemoveHeadersOnCopy, ); }; };
		C67D05F81BF0AE5900E63FA3 /* AppDelegate.swift in Sources */ = {isa = PBXBuildFile; fileRef = C67D05F71BF0AE5900E63FA3 /* AppDelegate.swift */; };
		C67D05FD1BF0AE5900E63FA3 /* Main.storyboard in Resources */ = {isa = PBXBuildFile; fileRef = C67D05FB1BF0AE5900E63FA3 /* Main.storyboard */; };
		C67D05FF1BF0AE5900E63FA3 /* Assets.xcassets in Resources */ = {isa = PBXBuildFile; fileRef = C67D05FE1BF0AE5900E63FA3 /* Assets.xcassets */; };
		C67D06021BF0AE5900E63FA3 /* LaunchScreen.storyboard in Resources */ = {isa = PBXBuildFile; fileRef = C67D06001BF0AE5900E63FA3 /* LaunchScreen.storyboard */; };
		C67D06101BF0AFC500E63FA3 /* JMPairingVC.swift in Sources */ = {isa = PBXBuildFile; fileRef = C67D060F1BF0AFC500E63FA3 /* JMPairingVC.swift */; };
		C6F6E5191C4D6CA50084DB13 /* UIColor+Hex.swift in Sources */ = {isa = PBXBuildFile; fileRef = C6F6E5181C4D6CA50084DB13 /* UIColor+Hex.swift */; };
/* End PBXBuildFile section */

/* Begin PBXCopyFilesBuildPhase section */
		C673E2291C3F92670086D0A0 /* Embed Frameworks */ = {
			isa = PBXCopyFilesBuildPhase;
			buildActionMask = 2147483647;
			dstPath = "";
			dstSubfolderSpec = 10;
			files = (
				C673E2281C3F92670086D0A0 /* MEMELib.framework in Embed Frameworks */,
			);
			name = "Embed Frameworks";
			runOnlyForDeploymentPostprocessing = 0;
		};
/* End PBXCopyFilesBuildPhase section */

/* Begin PBXFileReference section */
		C6174BD31BFBA7250086F19F /* Key.h */ = {isa = PBXFileReference; fileEncoding = 4; lastKnownFileType = sourcecode.c.h; path = Key.h; sourceTree = "<group>"; };
		C655B6341BF1867D002E8336 /* JMRealTimeDataVC.swift */ = {isa = PBXFileReference; fileEncoding = 4; lastKnownFileType = sourcecode.swift; path = JMRealTimeDataVC.swift; sourceTree = "<group>"; };
		C655B6391BF1AADE002E8336 /* EyeView.swift */ = {isa = PBXFileReference; fileEncoding = 4; lastKnownFileType = sourcecode.swift; path = EyeView.swift; sourceTree = "<group>"; };
		C655B63F1BF1ABBF002E8336 /* GraphView.swift */ = {isa = PBXFileReference; fileEncoding = 4; lastKnownFileType = sourcecode.swift; path = GraphView.swift; sourceTree = "<group>"; };
		C655B6411BF1ABF7002E8336 /* EyeMovement.swift */ = {isa = PBXFileReference; fileEncoding = 4; lastKnownFileType = sourcecode.swift; path = EyeMovement.swift; sourceTree = "<group>"; };
		C669077E1BF49395004E7812 /* SIFlatButton.swift */ = {isa = PBXFileReference; fileEncoding = 4; lastKnownFileType = sourcecode.swift; path = SIFlatButton.swift; sourceTree = "<group>"; };
		C66907801BF49523004E7812 /* JMRecordingVC.swift */ = {isa = PBXFileReference; fileEncoding = 4; lastKnownFileType = sourcecode.swift; path = JMRecordingVC.swift; sourceTree = "<group>"; };
		C66907821BF4953E004E7812 /* FileWriter.swift */ = {isa = PBXFileReference; fileEncoding = 4; lastKnownFileType = sourcecode.swift; path = FileWriter.swift; sourceTree = "<group>"; };
		C66907841BF49580004E7812 /* SVProgressHUD.framework */ = {isa = PBXFileReference; lastKnownFileType = wrapper.framework; name = SVProgressHUD.framework; path = Carthage/Build/iOS/SVProgressHUD.framework; sourceTree = "<group>"; };
		C673E2261C3F92670086D0A0 /* MEMELib.framework */ = {isa = PBXFileReference; lastKnownFileType = wrapper.framework; path = MEMELib.framework; sourceTree = "<group>"; };
		C67D05F41BF0AE5900E63FA3 /* MEMELogger-iOS-developers.app */ = {isa = PBXFileReference; explicitFileType = wrapper.application; includeInIndex = 0; path = "MEMELogger-iOS-developers.app"; sourceTree = BUILT_PRODUCTS_DIR; };
		C67D05F71BF0AE5900E63FA3 /* AppDelegate.swift */ = {isa = PBXFileReference; lastKnownFileType = sourcecode.swift; path = AppDelegate.swift; sourceTree = "<group>"; };
		C67D05FC1BF0AE5900E63FA3 /* Base */ = {isa = PBXFileReference; lastKnownFileType = file.storyboard; name = Base; path = Base.lproj/Main.storyboard; sourceTree = "<group>"; };
		C67D05FE1BF0AE5900E63FA3 /* Assets.xcassets */ = {isa = PBXFileReference; lastKnownFileType = folder.assetcatalog; path = Assets.xcassets; sourceTree = "<group>"; };
		C67D06011BF0AE5900E63FA3 /* Base */ = {isa = PBXFileReference; lastKnownFileType = file.storyboard; name = Base; path = Base.lproj/LaunchScreen.storyboard; sourceTree = "<group>"; };
		C67D06031BF0AE5900E63FA3 /* Info.plist */ = {isa = PBXFileReference; lastKnownFileType = text.plist.xml; path = Info.plist; sourceTree = "<group>"; };
		C67D060D1BF0AEF700E63FA3 /* Bridging-Header.h */ = {isa = PBXFileReference; lastKnownFileType = sourcecode.c.h; path = "Bridging-Header.h"; sourceTree = "<group>"; };
		C67D060F1BF0AFC500E63FA3 /* JMPairingVC.swift */ = {isa = PBXFileReference; fileEncoding = 4; lastKnownFileType = sourcecode.swift; path = JMPairingVC.swift; sourceTree = "<group>"; };
		C6F6E5181C4D6CA50084DB13 /* UIColor+Hex.swift */ = {isa = PBXFileReference; fileEncoding = 4; lastKnownFileType = sourcecode.swift; path = "UIColor+Hex.swift"; sourceTree = "<group>"; };
/* End PBXFileReference section */

/* Begin PBXFrameworksBuildPhase section */
		C67D05F11BF0AE5900E63FA3 /* Frameworks */ = {
			isa = PBXFrameworksBuildPhase;
			buildActionMask = 2147483647;
			files = (
				C673E2271C3F92670086D0A0 /* MEMELib.framework in Frameworks */,
				C66907851BF49580004E7812 /* SVProgressHUD.framework in Frameworks */,
			);
			runOnlyForDeploymentPostprocessing = 0;
		};
/* End PBXFrameworksBuildPhase section */

/* Begin PBXGroup section */
		C655B63B1BF1AAE8002E8336 /* View */ = {
			isa = PBXGroup;
			children = (
				C669077E1BF49395004E7812 /* SIFlatButton.swift */,
				C655B63F1BF1ABBF002E8336 /* GraphView.swift */,
				C655B6391BF1AADE002E8336 /* EyeView.swift */,
			);
			name = View;
			sourceTree = "<group>";
		};
		C655B63D1BF1AAFC002E8336 /* ViewController */ = {
			isa = PBXGroup;
			children = (
				C67D060F1BF0AFC500E63FA3 /* JMPairingVC.swift */,
				C655B6341BF1867D002E8336 /* JMRealTimeDataVC.swift */,
				C66907801BF49523004E7812 /* JMRecordingVC.swift */,
			);
			name = ViewController;
			sourceTree = "<group>";
		};
		C655B63E1BF1AB93002E8336 /* Common */ = {
			isa = PBXGroup;
			children = (
				C66907821BF4953E004E7812 /* FileWriter.swift */,
				C655B6411BF1ABF7002E8336 /* EyeMovement.swift */,
			);
			name = Common;
			sourceTree = "<group>";
		};
		C67D05EB1BF0AE5900E63FA3 = {
			isa = PBXGroup;
			children = (
				C6174BD31BFBA7250086F19F /* Key.h */,
				C673E2261C3F92670086D0A0 /* MEMELib.framework */,
				C66907841BF49580004E7812 /* SVProgressHUD.framework */,
				C67D05F61BF0AE5900E63FA3 /* MEMELogger-iOS-developers */,
				C67D05F51BF0AE5900E63FA3 /* Products */,
			);
			sourceTree = "<group>";
		};
		C67D05F51BF0AE5900E63FA3 /* Products */ = {
			isa = PBXGroup;
			children = (
				C67D05F41BF0AE5900E63FA3 /* MEMELogger-iOS-developers.app */,
			);
			name = Products;
			sourceTree = "<group>";
		};
		C67D05F61BF0AE5900E63FA3 /* MEMELogger-iOS-developers */ = {
			isa = PBXGroup;
			children = (
				C6F6E5171C4D6C850084DB13 /* Extensions */,
				C655B63E1BF1AB93002E8336 /* Common */,
				C655B63B1BF1AAE8002E8336 /* View */,
				C655B63D1BF1AAFC002E8336 /* ViewController */,
				C67D05F71BF0AE5900E63FA3 /* AppDelegate.swift */,
				C67D060D1BF0AEF700E63FA3 /* Bridging-Header.h */,
				C67D05FB1BF0AE5900E63FA3 /* Main.storyboard */,
				C67D05FE1BF0AE5900E63FA3 /* Assets.xcassets */,
				C67D06001BF0AE5900E63FA3 /* LaunchScreen.storyboard */,
				C67D06031BF0AE5900E63FA3 /* Info.plist */,
			);
			path = "MEMELogger-iOS-developers";
			sourceTree = "<group>";
		};
		C6F6E5171C4D6C850084DB13 /* Extensions */ = {
			isa = PBXGroup;
			children = (
				C6F6E5181C4D6CA50084DB13 /* UIColor+Hex.swift */,
			);
			name = Extensions;
			sourceTree = "<group>";
		};
/* End PBXGroup section */

/* Begin PBXNativeTarget section */
		C67D05F31BF0AE5900E63FA3 /* MEMELogger-iOS-developers */ = {
			isa = PBXNativeTarget;
			buildConfigurationList = C67D06061BF0AE5900E63FA3 /* Build configuration list for PBXNativeTarget "MEMELogger-iOS-developers" */;
			buildPhases = (
				C67D05F01BF0AE5900E63FA3 /* Sources */,
				C67D05F11BF0AE5900E63FA3 /* Frameworks */,
				C67D05F21BF0AE5900E63FA3 /* Resources */,
				C66907861BF49587004E7812 /* ShellScript */,
				C673E2291C3F92670086D0A0 /* Embed Frameworks */,
			);
			buildRules = (
			);
			dependencies = (
			);
			name = "MEMELogger-iOS-developers";
			productName = MEMESample;
			productReference = C67D05F41BF0AE5900E63FA3 /* MEMELogger-iOS-developers.app */;
			productType = "com.apple.product-type.application";
		};
/* End PBXNativeTarget section */

/* Begin PBXProject section */
		C67D05EC1BF0AE5900E63FA3 /* Project object */ = {
			isa = PBXProject;
			attributes = {
				LastSwiftUpdateCheck = 0710;
				LastUpgradeCheck = 0710;
				ORGANIZATIONNAME = shoya140;
				TargetAttributes = {
					C67D05F31BF0AE5900E63FA3 = {
						CreatedOnToolsVersion = 7.1;
						SystemCapabilities = {
							com.apple.BackgroundModes = {
								enabled = 1;
							};
						};
					};
				};
			};
			buildConfigurationList = C67D05EF1BF0AE5900E63FA3 /* Build configuration list for PBXProject "MEMELogger-iOS-developers" */;
			compatibilityVersion = "Xcode 3.2";
			developmentRegion = English;
			hasScannedForEncodings = 0;
			knownRegions = (
				en,
				Base,
			);
			mainGroup = C67D05EB1BF0AE5900E63FA3;
			productRefGroup = C67D05F51BF0AE5900E63FA3 /* Products */;
			projectDirPath = "";
			projectRoot = "";
			targets = (
				C67D05F31BF0AE5900E63FA3 /* MEMELogger-iOS-developers */,
			);
		};
/* End PBXProject section */

/* Begin PBXResourcesBuildPhase section */
		C67D05F21BF0AE5900E63FA3 /* Resources */ = {
			isa = PBXResourcesBuildPhase;
			buildActionMask = 2147483647;
			files = (
				C67D06021BF0AE5900E63FA3 /* LaunchScreen.storyboard in Resources */,
				C67D05FF1BF0AE5900E63FA3 /* Assets.xcassets in Resources */,
				C67D05FD1BF0AE5900E63FA3 /* Main.storyboard in Resources */,
			);
			runOnlyForDeploymentPostprocessing = 0;
		};
/* End PBXResourcesBuildPhase section */

/* Begin PBXShellScriptBuildPhase section */
		C66907861BF49587004E7812 /* ShellScript */ = {
			isa = PBXShellScriptBuildPhase;
			buildActionMask = 2147483647;
			files = (
			);
			inputPaths = (
				"$(SRCROOT)/Carthage/Build/iOS/SVProgressHUD.framework",
			);
			outputPaths = (
			);
			runOnlyForDeploymentPostprocessing = 0;
			shellPath = /bin/sh;
			shellScript = "/usr/local/bin/carthage copy-frameworks";
		};
/* End PBXShellScriptBuildPhase section */

/* Begin PBXSourcesBuildPhase section */
		C67D05F01BF0AE5900E63FA3 /* Sources */ = {
			isa = PBXSourcesBuildPhase;
			buildActionMask = 2147483647;
			files = (
				C655B6351BF1867D002E8336 /* JMRealTimeDataVC.swift in Sources */,
				C67D06101BF0AFC500E63FA3 /* JMPairingVC.swift in Sources */,
				C655B6421BF1ABF7002E8336 /* EyeMovement.swift in Sources */,
				C66907811BF49523004E7812 /* JMRecordingVC.swift in Sources */,
				C655B63A1BF1AADE002E8336 /* EyeView.swift in Sources */,
				C669077F1BF49395004E7812 /* SIFlatButton.swift in Sources */,
				C66907831BF4953E004E7812 /* FileWriter.swift in Sources */,
				C67D05F81BF0AE5900E63FA3 /* AppDelegate.swift in Sources */,
				C655B6401BF1ABBF002E8336 /* GraphView.swift in Sources */,
				C6F6E5191C4D6CA50084DB13 /* UIColor+Hex.swift in Sources */,
			);
			runOnlyForDeploymentPostprocessing = 0;
		};
/* End PBXSourcesBuildPhase section */

/* Begin PBXVariantGroup section */
		C67D05FB1BF0AE5900E63FA3 /* Main.storyboard */ = {
			isa = PBXVariantGroup;
			children = (
				C67D05FC1BF0AE5900E63FA3 /* Base */,
			);
			name = Main.storyboard;
			sourceTree = "<group>";
		};
		C67D06001BF0AE5900E63FA3 /* LaunchScreen.storyboard */ = {
			isa = PBXVariantGroup;
			children = (
				C67D06011BF0AE5900E63FA3 /* Base */,
			);
			name = LaunchScreen.storyboard;
			sourceTree = "<group>";
		};
/* End PBXVariantGroup section */

/* Begin XCBuildConfiguration section */
		C67D06041BF0AE5900E63FA3 /* Debug */ = {
			isa = XCBuildConfiguration;
			buildSettings = {
				ALWAYS_SEARCH_USER_PATHS = NO;
				CLANG_CXX_LANGUAGE_STANDARD = "gnu++0x";
				CLANG_CXX_LIBRARY = "libc++";
				CLANG_ENABLE_MODULES = YES;
				CLANG_ENABLE_OBJC_ARC = YES;
				CLANG_WARN_BOOL_CONVERSION = YES;
				CLANG_WARN_CONSTANT_CONVERSION = YES;
				CLANG_WARN_DIRECT_OBJC_ISA_USAGE = YES_ERROR;
				CLANG_WARN_EMPTY_BODY = YES;
				CLANG_WARN_ENUM_CONVERSION = YES;
				CLANG_WARN_INT_CONVERSION = YES;
				CLANG_WARN_OBJC_ROOT_CLASS = YES_ERROR;
				CLANG_WARN_UNREACHABLE_CODE = YES;
				CLANG_WARN__DUPLICATE_METHOD_MATCH = YES;
				"CODE_SIGN_IDENTITY[sdk=iphoneos*]" = "iPhone Developer";
				COPY_PHASE_STRIP = NO;
				DEBUG_INFORMATION_FORMAT = dwarf;
				ENABLE_STRICT_OBJC_MSGSEND = YES;
				ENABLE_TESTABILITY = YES;
				GCC_C_LANGUAGE_STANDARD = gnu99;
				GCC_DYNAMIC_NO_PIC = NO;
				GCC_NO_COMMON_BLOCKS = YES;
				GCC_OPTIMIZATION_LEVEL = 0;
				GCC_PREPROCESSOR_DEFINITIONS = (
					"DEBUG=1",
					"$(inherited)",
				);
				GCC_WARN_64_TO_32_BIT_CONVERSION = YES;
				GCC_WARN_ABOUT_RETURN_TYPE = YES_ERROR;
				GCC_WARN_UNDECLARED_SELECTOR = YES;
				GCC_WARN_UNINITIALIZED_AUTOS = YES_AGGRESSIVE;
				GCC_WARN_UNUSED_FUNCTION = YES;
				GCC_WARN_UNUSED_VARIABLE = YES;
				IPHONEOS_DEPLOYMENT_TARGET = 8.4;
				MTL_ENABLE_DEBUG_INFO = YES;
				ONLY_ACTIVE_ARCH = YES;
				SDKROOT = iphoneos;
				SWIFT_OPTIMIZATION_LEVEL = "-Onone";
			};
			name = Debug;
		};
		C67D06051BF0AE5900E63FA3 /* Release */ = {
			isa = XCBuildConfiguration;
			buildSettings = {
				ALWAYS_SEARCH_USER_PATHS = NO;
				CLANG_CXX_LANGUAGE_STANDARD = "gnu++0x";
				CLANG_CXX_LIBRARY = "libc++";
				CLANG_ENABLE_MODULES = YES;
				CLANG_ENABLE_OBJC_ARC = YES;
				CLANG_WARN_BOOL_CONVERSION = YES;
				CLANG_WARN_CONSTANT_CONVERSION = YES;
				CLANG_WARN_DIRECT_OBJC_ISA_USAGE = YES_ERROR;
				CLANG_WARN_EMPTY_BODY = YES;
				CLANG_WARN_ENUM_CONVERSION = YES;
				CLANG_WARN_INT_CONVERSION = YES;
				CLANG_WARN_OBJC_ROOT_CLASS = YES_ERROR;
				CLANG_WARN_UNREACHABLE_CODE = YES;
				CLANG_WARN__DUPLICATE_METHOD_MATCH = YES;
				"CODE_SIGN_IDENTITY[sdk=iphoneos*]" = "iPhone Developer";
				COPY_PHASE_STRIP = NO;
				DEBUG_INFORMATION_FORMAT = "dwarf-with-dsym";
				ENABLE_NS_ASSERTIONS = NO;
				ENABLE_STRICT_OBJC_MSGSEND = YES;
				GCC_C_LANGUAGE_STANDARD = gnu99;
				GCC_NO_COMMON_BLOCKS = YES;
				GCC_WARN_64_TO_32_BIT_CONVERSION = YES;
				GCC_WARN_ABOUT_RETURN_TYPE = YES_ERROR;
				GCC_WARN_UNDECLARED_SELECTOR = YES;
				GCC_WARN_UNINITIALIZED_AUTOS = YES_AGGRESSIVE;
				GCC_WARN_UNUSED_FUNCTION = YES;
				GCC_WARN_UNUSED_VARIABLE = YES;
				IPHONEOS_DEPLOYMENT_TARGET = 8.4;
				MTL_ENABLE_DEBUG_INFO = NO;
				SDKROOT = iphoneos;
				VALIDATE_PRODUCT = YES;
			};
			name = Release;
		};
		C67D06071BF0AE5900E63FA3 /* Debug */ = {
			isa = XCBuildConfiguration;
			buildSettings = {
				ASSETCATALOG_COMPILER_APPICON_NAME = AppIcon;
				ENABLE_BITCODE = NO;
				FRAMEWORK_SEARCH_PATHS = (
					"$(inherited)",
					"$(PROJECT_DIR)",
					"$(PROJECT_DIR)/Carthage/Build/iOS",
				);
				INFOPLIST_FILE = "$(SRCROOT)/MEMELogger-iOS-developers/Info.plist";
				LD_RUNPATH_SEARCH_PATHS = "$(inherited) @executable_path/Frameworks";
				PRODUCT_BUNDLE_IDENTIFIER = "shoya140.MEMELogger-iOS-developers";
				PRODUCT_NAME = "MEMELogger-iOS-developers";
				SWIFT_OBJC_BRIDGING_HEADER = "$(SRCROOT)/$(PROJECT)/Bridging-Header.h";
			};
			name = Debug;
		};
		C67D06081BF0AE5900E63FA3 /* Release */ = {
			isa = XCBuildConfiguration;
			buildSettings = {
				ASSETCATALOG_COMPILER_APPICON_NAME = AppIcon;
				ENABLE_BITCODE = NO;
				FRAMEWORK_SEARCH_PATHS = (
					"$(inherited)",
					"$(PROJECT_DIR)",
					"$(PROJECT_DIR)/Carthage/Build/iOS",
				);
				INFOPLIST_FILE = "$(SRCROOT)/MEMELogger-iOS-developers/Info.plist";
				LD_RUNPATH_SEARCH_PATHS = "$(inherited) @executable_path/Frameworks";
				PRODUCT_BUNDLE_IDENTIFIER = "shoya140.MEMELogger-iOS-developers";
				PRODUCT_NAME = "MEMELogger-iOS-developers";
				SWIFT_OBJC_BRIDGING_HEADER = "$(SRCROOT)/$(PROJECT)/Bridging-Header.h";
			};
			name = Release;
		};
/* End XCBuildConfiguration section */

/* Begin XCConfigurationList section */
		C67D05EF1BF0AE5900E63FA3 /* Build configuration list for PBXProject "MEMELogger-iOS-developers" */ = {
			isa = XCConfigurationList;
			buildConfigurations = (
				C67D06041BF0AE5900E63FA3 /* Debug */,
				C67D06051BF0AE5900E63FA3 /* Release */,
			);
			defaultConfigurationIsVisible = 0;
			defaultConfigurationName = Release;
		};
		C67D06061BF0AE5900E63FA3 /* Build configuration list for PBXNativeTarget "MEMELogger-iOS-developers" */ = {
			isa = XCConfigurationList;
			buildConfigurations = (
				C67D06071BF0AE5900E63FA3 /* Debug */,
				C67D06081BF0AE5900E63FA3 /* Release */,
			);
			defaultConfigurationIsVisible = 0;
			defaultConfigurationName = Release;
		};
/* End XCConfigurationList section */
	};
	rootObject = C67D05EC1BF0AE5900E63FA3 /* Project object */;
}
